
Microsoft Visual Studio Solution File, Format Version 12.00
# Visual Studio Version 17
VisualStudioVersion = 17.6.33829.357
MinimumVisualStudioVersion = 10.0.40219.1
Project("{FAE04EC0-301F-11D3-BF4B-00C04F79EFBC}") = "MinecraftWebdavServer", "MinecraftWebdavServer\MinecraftWebdavServer.csproj", "{4EF19109-D9A6-4087-9508-FAB2ECDF4BC3}"
EndProject
Global
	GlobalSection(SolutionConfigurationPlatforms) = preSolution
		Debug|Any CPU = Debug|Any CPU
		Release|Any CPU = Release|Any CPU
	EndGlobalSection
	GlobalSection(ProjectConfigurationPlatforms) = postSolution
		{4EF19109-D9A6-4087-9508-FAB2ECDF4BC3}.Debug|Any CPU.ActiveCfg = Debug|Any CPU
		{4EF19109-D9A6-4087-9508-FAB2ECDF4BC3}.Debug|Any CPU.Build.0 = Debug|Any CPU
		{4EF19109-D9A6-4087-9508-FAB2ECDF4BC3}.Release|Any CPU.ActiveCfg = Release|Any CPU
		{4EF19109-D9A6-4087-9508-FAB2ECDF4BC3}.Release|Any CPU.Build.0 = Release|Any CPU
	EndGlobalSection
	GlobalSection(SolutionProperties) = preSolution
		HideSolutionNode = FALSE
	EndGlobalSection
	GlobalSection(ExtensibilityGlobals) = postSolution
		SolutionGuid = {219874C6-02C9-40D1-930B-476A5A20A23C}
	EndGlobalSection
EndGlobal
